// !$*UTF8*$!
{
	archiveVersion = 1;
	classes = {
	};
	objectVersion = 77;
	objects = {

/* Begin PBXBuildFile section */
		863B19962F50F5B2002922E0 /* AppConfig.swift in Sources */ = {isa = PBXBuildFile; fileRef = 863B198C2F50F5B2002922E0 /* AppConfig.swift */; };
		863B19982F50F5B2002922E0 /* Wikipedia_place_app_testApp.swift in Sources */ = {isa = PBXBuildFile; fileRef = 863B19942F50F5B2002922E0 /* Wikipedia_place_app_testApp.swift */; };
		863B19992F50F5B2002922E0 /* Config-Debug.xcconfig in Resources */ = {isa = PBXBuildFile; fileRef = 863B198D2F50F5B2002922E0 /* Config-Debug.xcconfig */; };
		863B199A2F50F5B2002922E0 /* Config-Release.xcconfig in Resources */ = {isa = PBXBuildFile; fileRef = 863B198E2F50F5B2002922E0 /* Config-Release.xcconfig */; };
		863B199B2F50F5B2002922E0 /* Assets.xcassets in Resources */ = {isa = PBXBuildFile; fileRef = 863B19912F50F5B2002922E0 /* Assets.xcassets */; };
		863B199F2F50F5C0002922E0 /* Wikipedia_place_app_testTests.swift in Sources */ = {isa = PBXBuildFile; fileRef = 863B199D2F50F5C0002922E0 /* Wikipedia_place_app_testTests.swift */; };
		863B19A32F50F5C4002922E0 /* Wikipedia_place_app_testUITests.swift in Sources */ = {isa = PBXBuildFile; fileRef = 863B19A02F50F5C4002922E0 /* Wikipedia_place_app_testUITests.swift */; };
		863B19A42F50F5C4002922E0 /* Wikipedia_place_app_testUITestsLaunchTests.swift in Sources */ = {isa = PBXBuildFile; fileRef = 863B19A12F50F5C4002922E0 /* Wikipedia_place_app_testUITestsLaunchTests.swift */; };
		863B19A62F50F605002922E0 /* NetworkService.swift in Sources */ = {isa = PBXBuildFile; fileRef = 863B19A52F50F5E2002922E0 /* NetworkService.swift */; };
		863B19A82F50F621002922E0 /* NetworkManager.swift in Sources */ = {isa = PBXBuildFile; fileRef = 863B19A72F50F61E002922E0 /* NetworkManager.swift */; };
		863B19AA2F50F698002922E0 /* NetworkServiceConfiguration.swift in Sources */ = {isa = PBXBuildFile; fileRef = 863B19A92F50F693002922E0 /* NetworkServiceConfiguration.swift */; };
		863B19AC2F50F710002922E0 /* RouterProtocol.swift in Sources */ = {isa = PBXBuildFile; fileRef = 863B19AB2F50F70E002922E0 /* RouterProtocol.swift */; };
		863B19B02F50F824002922E0 /* NetworkRouter.swift in Sources */ = {isa = PBXBuildFile; fileRef = 863B19AF2F50F821002922E0 /* NetworkRouter.swift */; };
		863B19B22F50F93A002922E0 /* APIEndpointProtocol.swift in Sources */ = {isa = PBXBuildFile; fileRef = 863B19B12F50F936002922E0 /* APIEndpointProtocol.swift */; };
		863B19B42F50F972002922E0 /* HTTPMethod.swift in Sources */ = {isa = PBXBuildFile; fileRef = 863B19B32F50F970002922E0 /* HTTPMethod.swift */; };
		863B19B82F50FBFC002922E0 /* NetworkError.swift in Sources */ = {isa = PBXBuildFile; fileRef = 863B19B72F50FBF9002922E0 /* NetworkError.swift */; };
		863D332D2F52DD1000C49DD1 /* URLOpener.swift in Sources */ = {isa = PBXBuildFile; fileRef = 863D332C2F52DCFC00C49DD1 /* URLOpener.swift */; };
		863D33312F52E28200C49DD1 /* LocationResponseDTO.swift in Sources */ = {isa = PBXBuildFile; fileRef = 863D33302F52E25C00C49DD1 /* LocationResponseDTO.swift */; };
		863D33332F52E29800C49DD1 /* LocationDTO.swift in Sources */ = {isa = PBXBuildFile; fileRef = 863D33322F52E29500C49DD1 /* LocationDTO.swift */; };
		863D33372F52E33900C49DD1 /* Location.swift in Sources */ = {isa = PBXBuildFile; fileRef = 863D33362F52E33700C49DD1 /* Location.swift */; };
		863D333A2F52E55600C49DD1 /* LocationRepository.swift in Sources */ = {isa = PBXBuildFile; fileRef = 863D33392F52E55000C49DD1 /* LocationRepository.swift */; };
		863D333D2F52E58300C49DD1 /* LocationRepositoryProtocol.swift in Sources */ = {isa = PBXBuildFile; fileRef = 863D333C2F52E57F00C49DD1 /* LocationRepositoryProtocol.swift */; };
		863D333F2F52E67C00C49DD1 /* LocationEndpoint.swift in Sources */ = {isa = PBXBuildFile; fileRef = 863D333E2F52E67900C49DD1 /* LocationEndpoint.swift */; };
		863D33422F52E95600C49DD1 /* APIPrefix.swift in Sources */ = {isa = PBXBuildFile; fileRef = 863D33412F52E95300C49DD1 /* APIPrefix.swift */; };
		863D33452F52EB4700C49DD1 /* FetchLocationsUseCase.swift in Sources */ = {isa = PBXBuildFile; fileRef = 863D33442F52EB3B00C49DD1 /* FetchLocationsUseCase.swift */; };
		863D33482F52EB6B00C49DD1 /* FetchLocationsUseCaseProtocol.swift in Sources */ = {isa = PBXBuildFile; fileRef = 863D33472F52EB6600C49DD1 /* FetchLocationsUseCaseProtocol.swift */; };
		863D33592F52F13700C49DD1 /* LocationView.swift in Sources */ = {isa = PBXBuildFile; fileRef = 863D33582F52F12F00C49DD1 /* LocationView.swift */; };
		863D335B2F52F13D00C49DD1 /* LocationViewModel.swift in Sources */ = {isa = PBXBuildFile; fileRef = 863D335A2F52F13900C49DD1 /* LocationViewModel.swift */; };
		863D335D2F52FAFA00C49DD1 /* NetworkServiceFactory.swift in Sources */ = {isa = PBXBuildFile; fileRef = 863D335C2F52FAFA00C49DD1 /* NetworkServiceFactory.swift */; };
		863D33602F52FDC300C49DD1 /* LocationCellView.swift in Sources */ = {isa = PBXBuildFile; fileRef = 863D335F2F52FDC000C49DD1 /* LocationCellView.swift */; };
		863D33622F530E1B00C49DD1 /* LocationCoordinator.swift in Sources */ = {isa = PBXBuildFile; fileRef = 863D33612F530E1800C49DD1 /* LocationCoordinator.swift */; };
		863D33672F53146800C49DD1 /* CustomLocationCache.swift in Sources */ = {isa = PBXBuildFile; fileRef = 863D33662F53146600C49DD1 /* CustomLocationCache.swift */; };
		863D336A2F531A3800C49DD1 /* AddCustomLocationUseCase.swift in Sources */ = {isa = PBXBuildFile; fileRef = 863D33692F531A3200C49DD1 /* AddCustomLocationUseCase.swift */; };
		863D336C2F531A4900C49DD1 /* AddCustomLocationUseCaseProtocol.swift in Sources */ = {isa = PBXBuildFile; fileRef = 863D336B2F531A4500C49DD1 /* AddCustomLocationUseCaseProtocol.swift */; };
		863D33712F531E0300C49DD1 /* CustomLocationView.swift in Sources */ = {isa = PBXBuildFile; fileRef = 863D33702F531E0100C49DD1 /* CustomLocationView.swift */; };
		863D33732F531E2600C49DD1 /* CustomLocationViewModel.swift in Sources */ = {isa = PBXBuildFile; fileRef = 863D33722F531E2200C49DD1 /* CustomLocationViewModel.swift */; };
		863D337A2F5444EE00C49DD1 /* Dependencies.swift in Sources */ = {isa = PBXBuildFile; fileRef = 863D33792F5444EC00C49DD1 /* Dependencies.swift */; };
		863D337C2F54478D00C49DD1 /* DeeplinkService.swift in Sources */ = {isa = PBXBuildFile; fileRef = 863D337B2F54478900C49DD1 /* DeeplinkService.swift */; };
		863D337F2F544F4200C49DD1 /* Coordinates.swift in Sources */ = {isa = PBXBuildFile; fileRef = 863D337E2F544F4000C49DD1 /* Coordinates.swift */; };
/* End PBXBuildFile section */

/* Begin PBXContainerItemProxy section */
		863B18FD2F50EBDE002922E0 /* PBXContainerItemProxy */ = {
			isa = PBXContainerItemProxy;
			containerPortal = 863B18E72F50EBDD002922E0 /* Project object */;
			proxyType = 1;
			remoteGlobalIDString = 863B18EE2F50EBDD002922E0;
			remoteInfo = "Wikipedia-place-app-test";
		};
		863B19072F50EBDE002922E0 /* PBXContainerItemProxy */ = {
			isa = PBXContainerItemProxy;
			containerPortal = 863B18E72F50EBDD002922E0 /* Project object */;
			proxyType = 1;
			remoteGlobalIDString = 863B18EE2F50EBDD002922E0;
			remoteInfo = "Wikipedia-place-app-test";
		};
/* End PBXContainerItemProxy section */

/* Begin PBXFileReference section */
		863B18EF2F50EBDD002922E0 /* Wikipedia-place-app-test.app */ = {isa = PBXFileReference; explicitFileType = wrapper.application; includeInIndex = 0; path = "Wikipedia-place-app-test.app"; sourceTree = BUILT_PRODUCTS_DIR; };
		863B18FC2F50EBDE002922E0 /* Wikipedia-place-app-testTests.xctest */ = {isa = PBXFileReference; explicitFileType = wrapper.cfbundle; includeInIndex = 0; path = "Wikipedia-place-app-testTests.xctest"; sourceTree = BUILT_PRODUCTS_DIR; };
		863B19062F50EBDE002922E0 /* Wikipedia-place-app-testUITests.xctest */ = {isa = PBXFileReference; explicitFileType = wrapper.cfbundle; includeInIndex = 0; path = "Wikipedia-place-app-testUITests.xctest"; sourceTree = BUILT_PRODUCTS_DIR; };
		863B198C2F50F5B2002922E0 /* AppConfig.swift */ = {isa = PBXFileReference; lastKnownFileType = sourcecode.swift; path = AppConfig.swift; sourceTree = "<group>"; };
		863B198D2F50F5B2002922E0 /* Config-Debug.xcconfig */ = {isa = PBXFileReference; lastKnownFileType = text.xcconfig; path = "Config-Debug.xcconfig"; sourceTree = "<group>"; };
		863B198E2F50F5B2002922E0 /* Config-Release.xcconfig */ = {isa = PBXFileReference; lastKnownFileType = text.xcconfig; path = "Config-Release.xcconfig"; sourceTree = "<group>"; };
		863B19912F50F5B2002922E0 /* Assets.xcassets */ = {isa = PBXFileReference; lastKnownFileType = folder.assetcatalog; path = Assets.xcassets; sourceTree = "<group>"; };
		863B19932F50F5B2002922E0 /* Info.plist */ = {isa = PBXFileReference; lastKnownFileType = text.plist.xml; path = Info.plist; sourceTree = "<group>"; };
		863B19942F50F5B2002922E0 /* Wikipedia_place_app_testApp.swift */ = {isa = PBXFileReference; lastKnownFileType = sourcecode.swift; path = Wikipedia_place_app_testApp.swift; sourceTree = "<group>"; };
		863B199D2F50F5C0002922E0 /* Wikipedia_place_app_testTests.swift */ = {isa = PBXFileReference; lastKnownFileType = sourcecode.swift; path = Wikipedia_place_app_testTests.swift; sourceTree = "<group>"; };
		863B19A02F50F5C4002922E0 /* Wikipedia_place_app_testUITests.swift */ = {isa = PBXFileReference; lastKnownFileType = sourcecode.swift; path = Wikipedia_place_app_testUITests.swift; sourceTree = "<group>"; };
		863B19A12F50F5C4002922E0 /* Wikipedia_place_app_testUITestsLaunchTests.swift */ = {isa = PBXFileReference; lastKnownFileType = sourcecode.swift; path = Wikipedia_place_app_testUITestsLaunchTests.swift; sourceTree = "<group>"; };
		863B19A52F50F5E2002922E0 /* NetworkService.swift */ = {isa = PBXFileReference; lastKnownFileType = sourcecode.swift; path = NetworkService.swift; sourceTree = "<group>"; };
		863B19A72F50F61E002922E0 /* NetworkManager.swift */ = {isa = PBXFileReference; lastKnownFileType = sourcecode.swift; path = NetworkManager.swift; sourceTree = "<group>"; };
		863B19A92F50F693002922E0 /* NetworkServiceConfiguration.swift */ = {isa = PBXFileReference; lastKnownFileType = sourcecode.swift; path = NetworkServiceConfiguration.swift; sourceTree = "<group>"; };
		863B19AB2F50F70E002922E0 /* RouterProtocol.swift */ = {isa = PBXFileReference; lastKnownFileType = sourcecode.swift; path = RouterProtocol.swift; sourceTree = "<group>"; };
		863B19AF2F50F821002922E0 /* NetworkRouter.swift */ = {isa = PBXFileReference; lastKnownFileType = sourcecode.swift; path = NetworkRouter.swift; sourceTree = "<group>"; };
		863B19B12F50F936002922E0 /* APIEndpointProtocol.swift */ = {isa = PBXFileReference; lastKnownFileType = sourcecode.swift; path = APIEndpointProtocol.swift; sourceTree = "<group>"; };
		863B19B32F50F970002922E0 /* HTTPMethod.swift */ = {isa = PBXFileReference; lastKnownFileType = sourcecode.swift; path = HTTPMethod.swift; sourceTree = "<group>"; };
		863B19B72F50FBF9002922E0 /* NetworkError.swift */ = {isa = PBXFileReference; lastKnownFileType = sourcecode.swift; path = NetworkError.swift; sourceTree = "<group>"; };
		863D332C2F52DCFC00C49DD1 /* URLOpener.swift */ = {isa = PBXFileReference; lastKnownFileType = sourcecode.swift; path = URLOpener.swift; sourceTree = "<group>"; };
		863D33302F52E25C00C49DD1 /* LocationResponseDTO.swift */ = {isa = PBXFileReference; lastKnownFileType = sourcecode.swift; path = LocationResponseDTO.swift; sourceTree = "<group>"; };
		863D33322F52E29500C49DD1 /* LocationDTO.swift */ = {isa = PBXFileReference; lastKnownFileType = sourcecode.swift; path = LocationDTO.swift; sourceTree = "<group>"; };
		863D33362F52E33700C49DD1 /* Location.swift */ = {isa = PBXFileReference; lastKnownFileType = sourcecode.swift; path = Location.swift; sourceTree = "<group>"; };
		863D33392F52E55000C49DD1 /* LocationRepository.swift */ = {isa = PBXFileReference; lastKnownFileType = sourcecode.swift; path = LocationRepository.swift; sourceTree = "<group>"; };
		863D333C2F52E57F00C49DD1 /* LocationRepositoryProtocol.swift */ = {isa = PBXFileReference; lastKnownFileType = sourcecode.swift; path = LocationRepositoryProtocol.swift; sourceTree = "<group>"; };
		863D333E2F52E67900C49DD1 /* LocationEndpoint.swift */ = {isa = PBXFileReference; lastKnownFileType = sourcecode.swift; path = LocationEndpoint.swift; sourceTree = "<group>"; };
		863D33412F52E95300C49DD1 /* APIPrefix.swift */ = {isa = PBXFileReference; lastKnownFileType = sourcecode.swift; path = APIPrefix.swift; sourceTree = "<group>"; };
		863D33442F52EB3B00C49DD1 /* FetchLocationsUseCase.swift */ = {isa = PBXFileReference; lastKnownFileType = sourcecode.swift; path = FetchLocationsUseCase.swift; sourceTree = "<group>"; };
		863D33472F52EB6600C49DD1 /* FetchLocationsUseCaseProtocol.swift */ = {isa = PBXFileReference; lastKnownFileType = sourcecode.swift; path = FetchLocationsUseCaseProtocol.swift; sourceTree = "<group>"; };
		863D33582F52F12F00C49DD1 /* LocationView.swift */ = {isa = PBXFileReference; lastKnownFileType = sourcecode.swift; path = LocationView.swift; sourceTree = "<group>"; };
		863D335A2F52F13900C49DD1 /* LocationViewModel.swift */ = {isa = PBXFileReference; lastKnownFileType = sourcecode.swift; path = LocationViewModel.swift; sourceTree = "<group>"; };
		863D335C2F52FAFA00C49DD1 /* NetworkServiceFactory.swift */ = {isa = PBXFileReference; lastKnownFileType = sourcecode.swift; path = NetworkServiceFactory.swift; sourceTree = "<group>"; };
		863D335F2F52FDC000C49DD1 /* LocationCellView.swift */ = {isa = PBXFileReference; lastKnownFileType = sourcecode.swift; path = LocationCellView.swift; sourceTree = "<group>"; };
		863D33612F530E1800C49DD1 /* LocationCoordinator.swift */ = {isa = PBXFileReference; lastKnownFileType = sourcecode.swift; path = LocationCoordinator.swift; sourceTree = "<group>"; };
		863D33662F53146600C49DD1 /* CustomLocationCache.swift */ = {isa = PBXFileReference; lastKnownFileType = sourcecode.swift; path = CustomLocationCache.swift; sourceTree = "<group>"; };
		863D33692F531A3200C49DD1 /* AddCustomLocationUseCase.swift */ = {isa = PBXFileReference; lastKnownFileType = sourcecode.swift; path = AddCustomLocationUseCase.swift; sourceTree = "<group>"; };
		863D336B2F531A4500C49DD1 /* AddCustomLocationUseCaseProtocol.swift */ = {isa = PBXFileReference; lastKnownFileType = sourcecode.swift; path = AddCustomLocationUseCaseProtocol.swift; sourceTree = "<group>"; };
		863D33702F531E0100C49DD1 /* CustomLocationView.swift */ = {isa = PBXFileReference; lastKnownFileType = sourcecode.swift; path = CustomLocationView.swift; sourceTree = "<group>"; };
		863D33722F531E2200C49DD1 /* CustomLocationViewModel.swift */ = {isa = PBXFileReference; lastKnownFileType = sourcecode.swift; path = CustomLocationViewModel.swift; sourceTree = "<group>"; };
		863D33792F5444EC00C49DD1 /* Dependencies.swift */ = {isa = PBXFileReference; lastKnownFileType = sourcecode.swift; path = Dependencies.swift; sourceTree = "<group>"; };
		863D337B2F54478900C49DD1 /* DeeplinkService.swift */ = {isa = PBXFileReference; lastKnownFileType = sourcecode.swift; path = DeeplinkService.swift; sourceTree = "<group>"; };
		863D337E2F544F4000C49DD1 /* Coordinates.swift */ = {isa = PBXFileReference; lastKnownFileType = sourcecode.swift; path = Coordinates.swift; sourceTree = "<group>"; };
/* End PBXFileReference section */

/* Begin PBXFrameworksBuildPhase section */
		863B18EC2F50EBDD002922E0 /* Frameworks */ = {
			isa = PBXFrameworksBuildPhase;
			buildActionMask = 2147483647;
			files = (
			);
			runOnlyForDeploymentPostprocessing = 0;
		};
		863B18F92F50EBDE002922E0 /* Frameworks */ = {
			isa = PBXFrameworksBuildPhase;
			buildActionMask = 2147483647;
			files = (
			);
			runOnlyForDeploymentPostprocessing = 0;
		};
		863B19032F50EBDE002922E0 /* Frameworks */ = {
			isa = PBXFrameworksBuildPhase;
			buildActionMask = 2147483647;
			files = (
			);
			runOnlyForDeploymentPostprocessing = 0;
		};
/* End PBXFrameworksBuildPhase section */

/* Begin PBXGroup section */
		863B18E62F50EBDD002922E0 = {
			isa = PBXGroup;
			children = (
				863B19952F50F5B2002922E0 /* Wikipedia-place-app-test */,
				863B199E2F50F5C0002922E0 /* Wikipedia-place-app-testTests */,
				863B19A22F50F5C4002922E0 /* Wikipedia-place-app-testUITests */,
				863B18F02F50EBDD002922E0 /* Products */,
			);
			sourceTree = "<group>";
		};
		863B18F02F50EBDD002922E0 /* Products */ = {
			isa = PBXGroup;
			children = (
				863B18EF2F50EBDD002922E0 /* Wikipedia-place-app-test.app */,
				863B18FC2F50EBDE002922E0 /* Wikipedia-place-app-testTests.xctest */,
				863B19062F50EBDE002922E0 /* Wikipedia-place-app-testUITests.xctest */,
			);
			name = Products;
			sourceTree = "<group>";
		};
		863B198F2F50F5B2002922E0 /* Configurations */ = {
			isa = PBXGroup;
			children = (
				863B198C2F50F5B2002922E0 /* AppConfig.swift */,
				863B198D2F50F5B2002922E0 /* Config-Debug.xcconfig */,
				863B198E2F50F5B2002922E0 /* Config-Release.xcconfig */,
			);
			path = Configurations;
			sourceTree = "<group>";
		};
		863B19902F50F5B2002922E0 /* Network */ = {
			isa = PBXGroup;
			children = (
				863B19B12F50F936002922E0 /* APIEndpointProtocol.swift */,
				863D33412F52E95300C49DD1 /* APIPrefix.swift */,
				863B19B32F50F970002922E0 /* HTTPMethod.swift */,
				863B19B72F50FBF9002922E0 /* NetworkError.swift */,
				863B19A72F50F61E002922E0 /* NetworkManager.swift */,
				863B19AF2F50F821002922E0 /* NetworkRouter.swift */,
				863B19A52F50F5E2002922E0 /* NetworkService.swift */,
				863B19A92F50F693002922E0 /* NetworkServiceConfiguration.swift */,
				863D335C2F52FAFA00C49DD1 /* NetworkServiceFactory.swift */,
				863B19AB2F50F70E002922E0 /* RouterProtocol.swift */,
			);
			path = Network;
			sourceTree = "<group>";
		};
		863B19952F50F5B2002922E0 /* Wikipedia-place-app-test */ = {
			isa = PBXGroup;
			children = (
				863B19932F50F5B2002922E0 /* Info.plist */,
				863D33792F5444EC00C49DD1 /* Dependencies.swift */,
				863B19942F50F5B2002922E0 /* Wikipedia_place_app_testApp.swift */,
				863B19912F50F5B2002922E0 /* Assets.xcassets */,
				863B198F2F50F5B2002922E0 /* Configurations */,
				863D332E2F52E1FC00C49DD1 /* Data */,
				863D33742F5379B200C49DD1 /* Deeplinking */,
				863D33342F52E32B00C49DD1 /* Domain */,
				863B19902F50F5B2002922E0 /* Network */,
				863D33552F52F0E500C49DD1 /* Presentation */,
				863D332B2F52DCE800C49DD1 /* Utils */,
			);
			path = "Wikipedia-place-app-test";
			sourceTree = "<group>";
		};
		863B199E2F50F5C0002922E0 /* Wikipedia-place-app-testTests */ = {
			isa = PBXGroup;
			children = (
				863B199D2F50F5C0002922E0 /* Wikipedia_place_app_testTests.swift */,
			);
			path = "Wikipedia-place-app-testTests";
			sourceTree = "<group>";
		};
		863B19A22F50F5C4002922E0 /* Wikipedia-place-app-testUITests */ = {
			isa = PBXGroup;
			children = (
				863B19A02F50F5C4002922E0 /* Wikipedia_place_app_testUITests.swift */,
				863B19A12F50F5C4002922E0 /* Wikipedia_place_app_testUITestsLaunchTests.swift */,
			);
			path = "Wikipedia-place-app-testUITests";
			sourceTree = "<group>";
		};
		863D332B2F52DCE800C49DD1 /* Utils */ = {
			isa = PBXGroup;
			children = (
				863D332C2F52DCFC00C49DD1 /* URLOpener.swift */,
			);
			path = Utils;
			sourceTree = "<group>";
		};
		863D332E2F52E1FC00C49DD1 /* Data */ = {
			isa = PBXGroup;
			children = (
				863D337D2F544F3A00C49DD1 /* Coordinates */,
				863D332F2F52E20500C49DD1 /* DTO */,
				863D33382F52E54600C49DD1 /* Repositories */,
			);
			path = Data;
			sourceTree = "<group>";
		};
		863D332F2F52E20500C49DD1 /* DTO */ = {
			isa = PBXGroup;
			children = (
				863D33322F52E29500C49DD1 /* LocationDTO.swift */,
				863D33302F52E25C00C49DD1 /* LocationResponseDTO.swift */,
			);
			path = DTO;
			sourceTree = "<group>";
		};
		863D33342F52E32B00C49DD1 /* Domain */ = {
			isa = PBXGroup;
			children = (
				863D33352F52E33300C49DD1 /* Entities */,
				863D333B2F52E57400C49DD1 /* RepositoryProtocols */,
				863D33432F52EB3300C49DD1 /* UseCases */,
				863D33462F52EB5700C49DD1 /* UseCasesProtocols */,
			);
			path = Domain;
			sourceTree = "<group>";
		};
		863D33352F52E33300C49DD1 /* Entities */ = {
			isa = PBXGroup;
			children = (
				863D33362F52E33700C49DD1 /* Location.swift */,
			);
			path = Entities;
			sourceTree = "<group>";
		};
		863D33382F52E54600C49DD1 /* Repositories */ = {
			isa = PBXGroup;
			children = (
				863D33402F52E68300C49DD1 /* Location */,
			);
			path = Repositories;
			sourceTree = "<group>";
		};
		863D333B2F52E57400C49DD1 /* RepositoryProtocols */ = {
			isa = PBXGroup;
			children = (
				863D333C2F52E57F00C49DD1 /* LocationRepositoryProtocol.swift */,
			);
			path = RepositoryProtocols;
			sourceTree = "<group>";
		};
		863D33402F52E68300C49DD1 /* Location */ = {
			isa = PBXGroup;
			children = (
				863D33662F53146600C49DD1 /* CustomLocationCache.swift */,
				863D33392F52E55000C49DD1 /* LocationRepository.swift */,
				863D333E2F52E67900C49DD1 /* LocationEndpoint.swift */,
			);
			path = Location;
			sourceTree = "<group>";
		};
		863D33432F52EB3300C49DD1 /* UseCases */ = {
			isa = PBXGroup;
			children = (
				863D33692F531A3200C49DD1 /* AddCustomLocationUseCase.swift */,
				863D33442F52EB3B00C49DD1 /* FetchLocationsUseCase.swift */,
			);
			path = UseCases;
			sourceTree = "<group>";
		};
		863D33462F52EB5700C49DD1 /* UseCasesProtocols */ = {
			isa = PBXGroup;
			children = (
				863D336B2F531A4500C49DD1 /* AddCustomLocationUseCaseProtocol.swift */,
				863D33472F52EB6600C49DD1 /* FetchLocationsUseCaseProtocol.swift */,
			);
			path = UseCasesProtocols;
			sourceTree = "<group>";
		};
		863D33552F52F0E500C49DD1 /* Presentation */ = {
			isa = PBXGroup;
			children = (
				863D33572F52F12900C49DD1 /* Location */,
				863D33562F52F0F700C49DD1 /* Coordinators */,
			);
			path = Presentation;
			sourceTree = "<group>";
		};
		863D33562F52F0F700C49DD1 /* Coordinators */ = {
			isa = PBXGroup;
			children = (
				863D33632F530FA700C49DD1 /* Location */,
			);
			path = Coordinators;
			sourceTree = "<group>";
		};
		863D33572F52F12900C49DD1 /* Location */ = {
			isa = PBXGroup;
			children = (
				863D336D2F531DC300C49DD1 /* CustomLocation */,
				863D335E2F52FDBC00C49DD1 /* Cell */,
				863D335A2F52F13900C49DD1 /* LocationViewModel.swift */,
				863D33582F52F12F00C49DD1 /* LocationView.swift */,
			);
			path = Location;
			sourceTree = "<group>";
		};
		863D335E2F52FDBC00C49DD1 /* Cell */ = {
			isa = PBXGroup;
			children = (
				863D335F2F52FDC000C49DD1 /* LocationCellView.swift */,
			);
			path = Cell;
			sourceTree = "<group>";
		};
		863D33632F530FA700C49DD1 /* Location */ = {
			isa = PBXGroup;
			children = (
				863D33612F530E1800C49DD1 /* LocationCoordinator.swift */,
			);
			path = Location;
			sourceTree = "<group>";
		};
		863D336D2F531DC300C49DD1 /* CustomLocation */ = {
			isa = PBXGroup;
			children = (
				863D33722F531E2200C49DD1 /* CustomLocationViewModel.swift */,
				863D33702F531E0100C49DD1 /* CustomLocationView.swift */,
			);
			path = CustomLocation;
			sourceTree = "<group>";
		};
		863D33742F5379B200C49DD1 /* Deeplinking */ = {
			isa = PBXGroup;
			children = (
				863D337B2F54478900C49DD1 /* DeeplinkService.swift */,
			);
			path = Deeplinking;
			sourceTree = "<group>";
		};
		863D337D2F544F3A00C49DD1 /* Coordinates */ = {
			isa = PBXGroup;
			children = (
				863D337E2F544F4000C49DD1 /* Coordinates.swift */,
			);
			path = Coordinates;
			sourceTree = "<group>";
		};
/* End PBXGroup section */

/* Begin PBXNativeTarget section */
		863B18EE2F50EBDD002922E0 /* Wikipedia-place-app-test */ = {
			isa = PBXNativeTarget;
			buildConfigurationList = 863B19102F50EBDE002922E0 /* Build configuration list for PBXNativeTarget "Wikipedia-place-app-test" */;
			buildPhases = (
				863B18EB2F50EBDD002922E0 /* Sources */,
				863B18EC2F50EBDD002922E0 /* Frameworks */,
				863B18ED2F50EBDD002922E0 /* Resources */,
			);
			buildRules = (
			);
			dependencies = (
			);
			name = "Wikipedia-place-app-test";
			packageProductDependencies = (
			);
			productName = "Wikipedia-place-app-test";
			productReference = 863B18EF2F50EBDD002922E0 /* Wikipedia-place-app-test.app */;
			productType = "com.apple.product-type.application";
		};
		863B18FB2F50EBDE002922E0 /* Wikipedia-place-app-testTests */ = {
			isa = PBXNativeTarget;
			buildConfigurationList = 863B19132F50EBDE002922E0 /* Build configuration list for PBXNativeTarget "Wikipedia-place-app-testTests" */;
			buildPhases = (
				863B18F82F50EBDE002922E0 /* Sources */,
				863B18F92F50EBDE002922E0 /* Frameworks */,
				863B18FA2F50EBDE002922E0 /* Resources */,
			);
			buildRules = (
			);
			dependencies = (
				863B18FE2F50EBDE002922E0 /* PBXTargetDependency */,
			);
			name = "Wikipedia-place-app-testTests";
			packageProductDependencies = (
			);
			productName = "Wikipedia-place-app-testTests";
			productReference = 863B18FC2F50EBDE002922E0 /* Wikipedia-place-app-testTests.xctest */;
			productType = "com.apple.product-type.bundle.unit-test";
		};
		863B19052F50EBDE002922E0 /* Wikipedia-place-app-testUITests */ = {
			isa = PBXNativeTarget;
			buildConfigurationList = 863B19162F50EBDE002922E0 /* Build configuration list for PBXNativeTarget "Wikipedia-place-app-testUITests" */;
			buildPhases = (
				863B19022F50EBDE002922E0 /* Sources */,
				863B19032F50EBDE002922E0 /* Frameworks */,
				863B19042F50EBDE002922E0 /* Resources */,
			);
			buildRules = (
			);
			dependencies = (
				863B19082F50EBDE002922E0 /* PBXTargetDependency */,
			);
			name = "Wikipedia-place-app-testUITests";
			packageProductDependencies = (
			);
			productName = "Wikipedia-place-app-testUITests";
			productReference = 863B19062F50EBDE002922E0 /* Wikipedia-place-app-testUITests.xctest */;
			productType = "com.apple.product-type.bundle.ui-testing";
		};
/* End PBXNativeTarget section */

/* Begin PBXProject section */
		863B18E72F50EBDD002922E0 /* Project object */ = {
			isa = PBXProject;
			attributes = {
				BuildIndependentTargetsInParallel = 1;
				LastSwiftUpdateCheck = 2620;
				LastUpgradeCheck = 2620;
				TargetAttributes = {
					863B18EE2F50EBDD002922E0 = {
						CreatedOnToolsVersion = 26.2;
					};
					863B18FB2F50EBDE002922E0 = {
						CreatedOnToolsVersion = 26.2;
						TestTargetID = 863B18EE2F50EBDD002922E0;
					};
					863B19052F50EBDE002922E0 = {
						CreatedOnToolsVersion = 26.2;
						TestTargetID = 863B18EE2F50EBDD002922E0;
					};
				};
			};
			buildConfigurationList = 863B18EA2F50EBDD002922E0 /* Build configuration list for PBXProject "Wikipedia-place-app-test" */;
			developmentRegion = en;
			hasScannedForEncodings = 0;
			knownRegions = (
				en,
				Base,
			);
			mainGroup = 863B18E62F50EBDD002922E0;
			minimizedProjectReferenceProxies = 1;
			preferredProjectObjectVersion = 77;
			productRefGroup = 863B18F02F50EBDD002922E0 /* Products */;
			projectDirPath = "";
			projectRoot = "";
			targets = (
				863B18EE2F50EBDD002922E0 /* Wikipedia-place-app-test */,
				863B18FB2F50EBDE002922E0 /* Wikipedia-place-app-testTests */,
				863B19052F50EBDE002922E0 /* Wikipedia-place-app-testUITests */,
			);
		};
/* End PBXProject section */

/* Begin PBXResourcesBuildPhase section */
		863B18ED2F50EBDD002922E0 /* Resources */ = {
			isa = PBXResourcesBuildPhase;
			buildActionMask = 2147483647;
			files = (
				863B19992F50F5B2002922E0 /* Config-Debug.xcconfig in Resources */,
				863B199A2F50F5B2002922E0 /* Config-Release.xcconfig in Resources */,
				863B199B2F50F5B2002922E0 /* Assets.xcassets in Resources */,
			);
			runOnlyForDeploymentPostprocessing = 0;
		};
		863B18FA2F50EBDE002922E0 /* Resources */ = {
			isa = PBXResourcesBuildPhase;
			buildActionMask = 2147483647;
			files = (
			);
			runOnlyForDeploymentPostprocessing = 0;
		};
		863B19042F50EBDE002922E0 /* Resources */ = {
			isa = PBXResourcesBuildPhase;
			buildActionMask = 2147483647;
			files = (
			);
			runOnlyForDeploymentPostprocessing = 0;
		};
/* End PBXResourcesBuildPhase section */

/* Begin PBXSourcesBuildPhase section */
		863B18EB2F50EBDD002922E0 /* Sources */ = {
			isa = PBXSourcesBuildPhase;
			buildActionMask = 2147483647;
			files = (
				863B19962F50F5B2002922E0 /* AppConfig.swift in Sources */,
				863D336C2F531A4900C49DD1 /* AddCustomLocationUseCaseProtocol.swift in Sources */,
				863D335D2F52FAFA00C49DD1 /* NetworkServiceFactory.swift in Sources */,
				863D33672F53146800C49DD1 /* CustomLocationCache.swift in Sources */,
				863D33372F52E33900C49DD1 /* Location.swift in Sources */,
				863D33622F530E1B00C49DD1 /* LocationCoordinator.swift in Sources */,
				863D33602F52FDC300C49DD1 /* LocationCellView.swift in Sources */,
				863B19AC2F50F710002922E0 /* RouterProtocol.swift in Sources */,
				863B19B42F50F972002922E0 /* HTTPMethod.swift in Sources */,
				863D333A2F52E55600C49DD1 /* LocationRepository.swift in Sources */,
				863D333F2F52E67C00C49DD1 /* LocationEndpoint.swift in Sources */,
				863B19A82F50F621002922E0 /* NetworkManager.swift in Sources */,
				863D33482F52EB6B00C49DD1 /* FetchLocationsUseCaseProtocol.swift in Sources */,
				863B19A62F50F605002922E0 /* NetworkService.swift in Sources */,
				863D33312F52E28200C49DD1 /* LocationResponseDTO.swift in Sources */,
				863B19982F50F5B2002922E0 /* Wikipedia_place_app_testApp.swift in Sources */,
				863D33712F531E0300C49DD1 /* CustomLocationView.swift in Sources */,
				863D337A2F5444EE00C49DD1 /* Dependencies.swift in Sources */,
				863D337C2F54478D00C49DD1 /* DeeplinkService.swift in Sources */,
				863B19AA2F50F698002922E0 /* NetworkServiceConfiguration.swift in Sources */,
				863D337F2F544F4200C49DD1 /* Coordinates.swift in Sources */,
				863B19B82F50FBFC002922E0 /* NetworkError.swift in Sources */,
				863D33452F52EB4700C49DD1 /* FetchLocationsUseCase.swift in Sources */,
				863B19B02F50F824002922E0 /* NetworkRouter.swift in Sources */,
				863D33332F52E29800C49DD1 /* LocationDTO.swift in Sources */,
				863D33732F531E2600C49DD1 /* CustomLocationViewModel.swift in Sources */,
				863D335B2F52F13D00C49DD1 /* LocationViewModel.swift in Sources */,
				863D33592F52F13700C49DD1 /* LocationView.swift in Sources */,
				863B19B22F50F93A002922E0 /* APIEndpointProtocol.swift in Sources */,
				863D333D2F52E58300C49DD1 /* LocationRepositoryProtocol.swift in Sources */,
				863D33422F52E95600C49DD1 /* APIPrefix.swift in Sources */,
				863D336A2F531A3800C49DD1 /* AddCustomLocationUseCase.swift in Sources */,
				863D332D2F52DD1000C49DD1 /* URLOpener.swift in Sources */,
			);
			runOnlyForDeploymentPostprocessing = 0;
		};
		863B18F82F50EBDE002922E0 /* Sources */ = {
			isa = PBXSourcesBuildPhase;
			buildActionMask = 2147483647;
			files = (
				863B199F2F50F5C0002922E0 /* Wikipedia_place_app_testTests.swift in Sources */,
			);
			runOnlyForDeploymentPostprocessing = 0;
		};
		863B19022F50EBDE002922E0 /* Sources */ = {
			isa = PBXSourcesBuildPhase;
			buildActionMask = 2147483647;
			files = (
				863B19A32F50F5C4002922E0 /* Wikipedia_place_app_testUITests.swift in Sources */,
				863B19A42F50F5C4002922E0 /* Wikipedia_place_app_testUITestsLaunchTests.swift in Sources */,
			);
			runOnlyForDeploymentPostprocessing = 0;
		};
/* End PBXSourcesBuildPhase section */

/* Begin PBXTargetDependency section */
		863B18FE2F50EBDE002922E0 /* PBXTargetDependency */ = {
			isa = PBXTargetDependency;
			target = 863B18EE2F50EBDD002922E0 /* Wikipedia-place-app-test */;
			targetProxy = 863B18FD2F50EBDE002922E0 /* PBXContainerItemProxy */;
		};
		863B19082F50EBDE002922E0 /* PBXTargetDependency */ = {
			isa = PBXTargetDependency;
			target = 863B18EE2F50EBDD002922E0 /* Wikipedia-place-app-test */;
			targetProxy = 863B19072F50EBDE002922E0 /* PBXContainerItemProxy */;
		};
/* End PBXTargetDependency section */

/* Begin XCBuildConfiguration section */
		863B190E2F50EBDE002922E0 /* Debug */ = {
			isa = XCBuildConfiguration;
			baseConfigurationReference = 863B198D2F50F5B2002922E0 /* Config-Debug.xcconfig */;
			buildSettings = {
				ALWAYS_SEARCH_USER_PATHS = NO;
				ASSETCATALOG_COMPILER_GENERATE_SWIFT_ASSET_SYMBOL_EXTENSIONS = YES;
				CLANG_ANALYZER_NONNULL = YES;
				CLANG_ANALYZER_NUMBER_OBJECT_CONVERSION = YES_AGGRESSIVE;
				CLANG_CXX_LANGUAGE_STANDARD = "gnu++20";
				CLANG_ENABLE_MODULES = YES;
				CLANG_ENABLE_OBJC_ARC = YES;
				CLANG_ENABLE_OBJC_WEAK = YES;
				CLANG_WARN_BLOCK_CAPTURE_AUTORELEASING = YES;
				CLANG_WARN_BOOL_CONVERSION = YES;
				CLANG_WARN_COMMA = YES;
				CLANG_WARN_CONSTANT_CONVERSION = YES;
				CLANG_WARN_DEPRECATED_OBJC_IMPLEMENTATIONS = YES;
				CLANG_WARN_DIRECT_OBJC_ISA_USAGE = YES_ERROR;
				CLANG_WARN_DOCUMENTATION_COMMENTS = YES;
				CLANG_WARN_EMPTY_BODY = YES;
				CLANG_WARN_ENUM_CONVERSION = YES;
				CLANG_WARN_INFINITE_RECURSION = YES;
				CLANG_WARN_INT_CONVERSION = YES;
				CLANG_WARN_NON_LITERAL_NULL_CONVERSION = YES;
				CLANG_WARN_OBJC_IMPLICIT_RETAIN_SELF = YES;
				CLANG_WARN_OBJC_LITERAL_CONVERSION = YES;
				CLANG_WARN_OBJC_ROOT_CLASS = YES_ERROR;
				CLANG_WARN_QUOTED_INCLUDE_IN_FRAMEWORK_HEADER = YES;
				CLANG_WARN_RANGE_LOOP_ANALYSIS = YES;
				CLANG_WARN_STRICT_PROTOTYPES = YES;
				CLANG_WARN_SUSPICIOUS_MOVE = YES;
				CLANG_WARN_UNGUARDED_AVAILABILITY = YES_AGGRESSIVE;
				CLANG_WARN_UNREACHABLE_CODE = YES;
				CLANG_WARN__DUPLICATE_METHOD_MATCH = YES;
				COPY_PHASE_STRIP = NO;
				DEBUG_INFORMATION_FORMAT = dwarf;
				ENABLE_STRICT_OBJC_MSGSEND = YES;
				ENABLE_TESTABILITY = YES;
				ENABLE_USER_SCRIPT_SANDBOXING = YES;
				GCC_C_LANGUAGE_STANDARD = gnu17;
				GCC_DYNAMIC_NO_PIC = NO;
				GCC_NO_COMMON_BLOCKS = YES;
				GCC_OPTIMIZATION_LEVEL = 0;
				GCC_PREPROCESSOR_DEFINITIONS = (
					"DEBUG=1",
					"$(inherited)",
				);
				GCC_WARN_64_TO_32_BIT_CONVERSION = YES;
				GCC_WARN_ABOUT_RETURN_TYPE = YES_ERROR;
				GCC_WARN_UNDECLARED_SELECTOR = YES;
				GCC_WARN_UNINITIALIZED_AUTOS = YES_AGGRESSIVE;
				GCC_WARN_UNUSED_FUNCTION = YES;
				GCC_WARN_UNUSED_VARIABLE = YES;
				IPHONEOS_DEPLOYMENT_TARGET = 26.2;
				LOCALIZATION_PREFERS_STRING_CATALOGS = YES;
				MTL_ENABLE_DEBUG_INFO = INCLUDE_SOURCE;
				MTL_FAST_MATH = YES;
				ONLY_ACTIVE_ARCH = YES;
				SDKROOT = iphoneos;
				SWIFT_ACTIVE_COMPILATION_CONDITIONS = "DEBUG $(inherited)";
				SWIFT_OPTIMIZATION_LEVEL = "-Onone";
			};
			name = Debug;
		};
		863B190F2F50EBDE002922E0 /* Release */ = {
			isa = XCBuildConfiguration;
			baseConfigurationReference = 863B198E2F50F5B2002922E0 /* Config-Release.xcconfig */;
			buildSettings = {
				ALWAYS_SEARCH_USER_PATHS = NO;
				ASSETCATALOG_COMPILER_GENERATE_SWIFT_ASSET_SYMBOL_EXTENSIONS = YES;
				CLANG_ANALYZER_NONNULL = YES;
				CLANG_ANALYZER_NUMBER_OBJECT_CONVERSION = YES_AGGRESSIVE;
				CLANG_CXX_LANGUAGE_STANDARD = "gnu++20";
				CLANG_ENABLE_MODULES = YES;
				CLANG_ENABLE_OBJC_ARC = YES;
				CLANG_ENABLE_OBJC_WEAK = YES;
				CLANG_WARN_BLOCK_CAPTURE_AUTORELEASING = YES;
				CLANG_WARN_BOOL_CONVERSION = YES;
				CLANG_WARN_COMMA = YES;
				CLANG_WARN_CONSTANT_CONVERSION = YES;
				CLANG_WARN_DEPRECATED_OBJC_IMPLEMENTATIONS = YES;
				CLANG_WARN_DIRECT_OBJC_ISA_USAGE = YES_ERROR;
				CLANG_WARN_DOCUMENTATION_COMMENTS = YES;
				CLANG_WARN_EMPTY_BODY = YES;
				CLANG_WARN_ENUM_CONVERSION = YES;
				CLANG_WARN_INFINITE_RECURSION = YES;
				CLANG_WARN_INT_CONVERSION = YES;
				CLANG_WARN_NON_LITERAL_NULL_CONVERSION = YES;
				CLANG_WARN_OBJC_IMPLICIT_RETAIN_SELF = YES;
				CLANG_WARN_OBJC_LITERAL_CONVERSION = YES;
				CLANG_WARN_OBJC_ROOT_CLASS = YES_ERROR;
				CLANG_WARN_QUOTED_INCLUDE_IN_FRAMEWORK_HEADER = YES;
				CLANG_WARN_RANGE_LOOP_ANALYSIS = YES;
				CLANG_WARN_STRICT_PROTOTYPES = YES;
				CLANG_WARN_SUSPICIOUS_MOVE = YES;
				CLANG_WARN_UNGUARDED_AVAILABILITY = YES_AGGRESSIVE;
				CLANG_WARN_UNREACHABLE_CODE = YES;
				CLANG_WARN__DUPLICATE_METHOD_MATCH = YES;
				COPY_PHASE_STRIP = NO;
				DEBUG_INFORMATION_FORMAT = "dwarf-with-dsym";
				ENABLE_NS_ASSERTIONS = NO;
				ENABLE_STRICT_OBJC_MSGSEND = YES;
				ENABLE_USER_SCRIPT_SANDBOXING = YES;
				GCC_C_LANGUAGE_STANDARD = gnu17;
				GCC_NO_COMMON_BLOCKS = YES;
				GCC_WARN_64_TO_32_BIT_CONVERSION = YES;
				GCC_WARN_ABOUT_RETURN_TYPE = YES_ERROR;
				GCC_WARN_UNDECLARED_SELECTOR = YES;
				GCC_WARN_UNINITIALIZED_AUTOS = YES_AGGRESSIVE;
				GCC_WARN_UNUSED_FUNCTION = YES;
				GCC_WARN_UNUSED_VARIABLE = YES;
				IPHONEOS_DEPLOYMENT_TARGET = 26.2;
				LOCALIZATION_PREFERS_STRING_CATALOGS = YES;
				MTL_ENABLE_DEBUG_INFO = NO;
				MTL_FAST_MATH = YES;
				SDKROOT = iphoneos;
				SWIFT_COMPILATION_MODE = wholemodule;
				VALIDATE_PRODUCT = YES;
			};
			name = Release;
		};
		863B19112F50EBDE002922E0 /* Debug */ = {
			isa = XCBuildConfiguration;
			buildSettings = {
				ASSETCATALOG_COMPILER_APPICON_NAME = AppIcon;
				ASSETCATALOG_COMPILER_GLOBAL_ACCENT_COLOR_NAME = AccentColor;
				CODE_SIGN_STYLE = Automatic;
				CURRENT_PROJECT_VERSION = 1;
				ENABLE_PREVIEWS = YES;
				GENERATE_INFOPLIST_FILE = YES;
				INFOPLIST_FILE = "Wikipedia-place-app-test/Info.plist";
				INFOPLIST_KEY_UIApplicationSceneManifest_Generation = YES;
				INFOPLIST_KEY_UIApplicationSupportsIndirectInputEvents = YES;
				INFOPLIST_KEY_UILaunchScreen_Generation = YES;
				INFOPLIST_KEY_UISupportedInterfaceOrientations = "UIInterfaceOrientationLandscapeLeft UIInterfaceOrientationLandscapeRight UIInterfaceOrientationPortrait";
				INFOPLIST_KEY_UISupportedInterfaceOrientations_iPad = "UIInterfaceOrientationLandscapeLeft UIInterfaceOrientationLandscapeRight UIInterfaceOrientationPortrait UIInterfaceOrientationPortraitUpsideDown";
				IPHONEOS_DEPLOYMENT_TARGET = 18;
				LD_RUNPATH_SEARCH_PATHS = (
					"$(inherited)",
					"@executable_path/Frameworks",
				);
				MARKETING_VERSION = 1.0;
				PRODUCT_BUNDLE_IDENTIFIER = "test.Wikipedia-place-app-test";
				PRODUCT_NAME = "$(TARGET_NAME)";
				STRING_CATALOG_GENERATE_SYMBOLS = YES;
				SWIFT_APPROACHABLE_CONCURRENCY = YES;
				SWIFT_DEFAULT_ACTOR_ISOLATION = MainActor;
				SWIFT_EMIT_LOC_STRINGS = YES;
				SWIFT_UPCOMING_FEATURE_MEMBER_IMPORT_VISIBILITY = YES;
				SWIFT_VERSION = 5.0;
				TARGETED_DEVICE_FAMILY = "1,2";
			};
			name = Debug;
		};
		863B19122F50EBDE002922E0 /* Release */ = {
			isa = XCBuildConfiguration;
			buildSettings = {
				ASSETCATALOG_COMPILER_APPICON_NAME = AppIcon;
				ASSETCATALOG_COMPILER_GLOBAL_ACCENT_COLOR_NAME = AccentColor;
				CODE_SIGN_STYLE = Automatic;
				CURRENT_PROJECT_VERSION = 1;
				ENABLE_PREVIEWS = YES;
				GENERATE_INFOPLIST_FILE = YES;
				INFOPLIST_FILE = "Wikipedia-place-app-test/Info.plist";
				INFOPLIST_KEY_UIApplicationSceneManifest_Generation = YES;
				INFOPLIST_KEY_UIApplicationSupportsIndirectInputEvents = YES;
				INFOPLIST_KEY_UILaunchScreen_Generation = YES;
				INFOPLIST_KEY_UISupportedInterfaceOrientations = "UIInterfaceOrientationLandscapeLeft UIInterfaceOrientationLandscapeRight UIInterfaceOrientationPortrait";
				INFOPLIST_KEY_UISupportedInterfaceOrientations_iPad = "UIInterfaceOrientationLandscapeLeft UIInterfaceOrientationLandscapeRight UIInterfaceOrientationPortrait UIInterfaceOrientationPortraitUpsideDown";
				IPHONEOS_DEPLOYMENT_TARGET = 18;
				LD_RUNPATH_SEARCH_PATHS = (
					"$(inherited)",
					"@executable_path/Frameworks",
				);
				MARKETING_VERSION = 1.0;
				PRODUCT_BUNDLE_IDENTIFIER = "test.Wikipedia-place-app-test";
				PRODUCT_NAME = "$(TARGET_NAME)";
				STRING_CATALOG_GENERATE_SYMBOLS = YES;
				SWIFT_APPROACHABLE_CONCURRENCY = YES;
				SWIFT_DEFAULT_ACTOR_ISOLATION = MainActor;
				SWIFT_EMIT_LOC_STRINGS = YES;
				SWIFT_UPCOMING_FEATURE_MEMBER_IMPORT_VISIBILITY = YES;
				SWIFT_VERSION = 5.0;
				TARGETED_DEVICE_FAMILY = "1,2";
			};
			name = Release;
		};
		863B19142F50EBDE002922E0 /* Debug */ = {
			isa = XCBuildConfiguration;
			buildSettings = {
				BUNDLE_LOADER = "$(TEST_HOST)";
				CODE_SIGN_STYLE = Automatic;
				CURRENT_PROJECT_VERSION = 1;
				GENERATE_INFOPLIST_FILE = YES;
				IPHONEOS_DEPLOYMENT_TARGET = 26.2;
				MARKETING_VERSION = 1.0;
				PRODUCT_BUNDLE_IDENTIFIER = "test.Wikipedia-place-app-testTests";
				PRODUCT_NAME = "$(TARGET_NAME)";
				STRING_CATALOG_GENERATE_SYMBOLS = NO;
				SWIFT_APPROACHABLE_CONCURRENCY = YES;
				SWIFT_EMIT_LOC_STRINGS = NO;
				SWIFT_UPCOMING_FEATURE_MEMBER_IMPORT_VISIBILITY = YES;
				SWIFT_VERSION = 5.0;
				TARGETED_DEVICE_FAMILY = "1,2";
				TEST_HOST = "$(BUILT_PRODUCTS_DIR)/Wikipedia-place-app-test.app/$(BUNDLE_EXECUTABLE_FOLDER_PATH)/Wikipedia-place-app-test";
			};
			name = Debug;
		};
		863B19152F50EBDE002922E0 /* Release */ = {
			isa = XCBuildConfiguration;
			buildSettings = {
				BUNDLE_LOADER = "$(TEST_HOST)";
				CODE_SIGN_STYLE = Automatic;
				CURRENT_PROJECT_VERSION = 1;
				GENERATE_INFOPLIST_FILE = YES;
				IPHONEOS_DEPLOYMENT_TARGET = 26.2;
				MARKETING_VERSION = 1.0;
				PRODUCT_BUNDLE_IDENTIFIER = "test.Wikipedia-place-app-testTests";
				PRODUCT_NAME = "$(TARGET_NAME)";
				STRING_CATALOG_GENERATE_SYMBOLS = NO;
				SWIFT_APPROACHABLE_CONCURRENCY = YES;
				SWIFT_EMIT_LOC_STRINGS = NO;
				SWIFT_UPCOMING_FEATURE_MEMBER_IMPORT_VISIBILITY = YES;
				SWIFT_VERSION = 5.0;
				TARGETED_DEVICE_FAMILY = "1,2";
				TEST_HOST = "$(BUILT_PRODUCTS_DIR)/Wikipedia-place-app-test.app/$(BUNDLE_EXECUTABLE_FOLDER_PATH)/Wikipedia-place-app-test";
			};
			name = Release;
		};
		863B19172F50EBDE002922E0 /* Debug */ = {
			isa = XCBuildConfiguration;
			buildSettings = {
				CODE_SIGN_STYLE = Automatic;
				CURRENT_PROJECT_VERSION = 1;
				GENERATE_INFOPLIST_FILE = YES;
				MARKETING_VERSION = 1.0;
				PRODUCT_BUNDLE_IDENTIFIER = "test.Wikipedia-place-app-testUITests";
				PRODUCT_NAME = "$(TARGET_NAME)";
				STRING_CATALOG_GENERATE_SYMBOLS = NO;
				SWIFT_APPROACHABLE_CONCURRENCY = YES;
				SWIFT_EMIT_LOC_STRINGS = NO;
				SWIFT_UPCOMING_FEATURE_MEMBER_IMPORT_VISIBILITY = YES;
				SWIFT_VERSION = 5.0;
				TARGETED_DEVICE_FAMILY = "1,2";
				TEST_TARGET_NAME = "Wikipedia-place-app-test";
			};
			name = Debug;
		};
		863B19182F50EBDE002922E0 /* Release */ = {
			isa = XCBuildConfiguration;
			buildSettings = {
				CODE_SIGN_STYLE = Automatic;
				CURRENT_PROJECT_VERSION = 1;
				GENERATE_INFOPLIST_FILE = YES;
				MARKETING_VERSION = 1.0;
				PRODUCT_BUNDLE_IDENTIFIER = "test.Wikipedia-place-app-testUITests";
				PRODUCT_NAME = "$(TARGET_NAME)";
				STRING_CATALOG_GENERATE_SYMBOLS = NO;
				SWIFT_APPROACHABLE_CONCURRENCY = YES;
				SWIFT_EMIT_LOC_STRINGS = NO;
				SWIFT_UPCOMING_FEATURE_MEMBER_IMPORT_VISIBILITY = YES;
				SWIFT_VERSION = 5.0;
				TARGETED_DEVICE_FAMILY = "1,2";
				TEST_TARGET_NAME = "Wikipedia-place-app-test";
			};
			name = Release;
		};
/* End XCBuildConfiguration section */

/* Begin XCConfigurationList section */
		863B18EA2F50EBDD002922E0 /* Build configuration list for PBXProject "Wikipedia-place-app-test" */ = {
			isa = XCConfigurationList;
			buildConfigurations = (
				863B190E2F50EBDE002922E0 /* Debug */,
				863B190F2F50EBDE002922E0 /* Release */,
			);
			defaultConfigurationIsVisible = 0;
			defaultConfigurationName = Release;
		};
		863B19102F50EBDE002922E0 /* Build configuration list for PBXNativeTarget "Wikipedia-place-app-test" */ = {
			isa = XCConfigurationList;
			buildConfigurations = (
				863B19112F50EBDE002922E0 /* Debug */,
				863B19122F50EBDE002922E0 /* Release */,
			);
			defaultConfigurationIsVisible = 0;
			defaultConfigurationName = Release;
		};
		863B19132F50EBDE002922E0 /* Build configuration list for PBXNativeTarget "Wikipedia-place-app-testTests" */ = {
			isa = XCConfigurationList;
			buildConfigurations = (
				863B19142F50EBDE002922E0 /* Debug */,
				863B19152F50EBDE002922E0 /* Release */,
			);
			defaultConfigurationIsVisible = 0;
			defaultConfigurationName = Release;
		};
		863B19162F50EBDE002922E0 /* Build configuration list for PBXNativeTarget "Wikipedia-place-app-testUITests" */ = {
			isa = XCConfigurationList;
			buildConfigurations = (
				863B19172F50EBDE002922E0 /* Debug */,
				863B19182F50EBDE002922E0 /* Release */,
			);
			defaultConfigurationIsVisible = 0;
			defaultConfigurationName = Release;
		};
/* End XCConfigurationList section */
	};
	rootObject = 863B18E72F50EBDD002922E0 /* Project object */;
}
